version = 1
revision = 3
requires-python = ">=3.11"

[[package]]
name = "aivan"
version = "0.3.0"
source = { editable = "." }
dependencies = [
    { name = "fastapi" },
    { name = "httpx" },
    { name = "jinja2" },
    { name = "pydantic" },
    { name = "python-dotenv" },
    { name = "sqlalchemy" },
    { name = "uvicorn", extra = ["standard"] },
]

[package.dev-dependencies]
dev = [
    { name = "pytest" },
    { name = "pytest-asyncio" },
]

[package.metadata]
requires-dist = [
    { name = "fastapi", specifier = ">=0.115.0" },
    { name = "httpx", specifier = ">=0.28.0" },
    { name = "jinja2", specifier = ">=3.1.0" },
    { name = "pydantic", specifier = ">=2.10.0" },
    { name = "python-dotenv", specifier = ">=1.0.0" },
    { name = "sqlalchemy", specifier = ">=2.0.0" },
    { name = "uvicorn", extras = ["standard"], specifier = ">=0.32.0" },
]

[package.metadata.requires-dev]
dev = [
    { name = "pytest", specifier = ">=8.0.0" },
    { name = "pytest-asyncio", specifier = ">=0.23.0" },
]

[[package]]
name = "annotated-doc"
version = "0.0.4"
source = { registry = "https://pypi.org/simple" }
sdist = { url = "https://files.pythonhosted.org/packages/57/ba/046ceea27344560984e26a590f90bc7f4a75b06701f653222458922b558c/annotated_doc-0.0.4.tar.gz", hash = "sha256:fbcda96e87e9c92ad167c2e53839e57503ecfda18804ea28102353485033faa4", size = 7288, upload-time = "2025-11-10T22:07:42.062Z" }
wheels = [
    { url = "https://files.pythonhosted.org/packages/1e/d3/26bf1008eb3d2daa8ef4cacc7f3bfdc11818d111f7e2d0201bc6e3b49d45/annotated_doc-0.0.4-py3-none-any.whl", hash = "sha256:571ac1dc6991c450b25a9c2d84a3705e2ae7a53467b5d111c24fa8baabbed320", size = 5303, upload-time = "2025-11-10T22:07:40.673Z" },
]

[[package]]
name = "annotated-types"
version = "0.7.0"
source = { registry = "https://pypi.org/simple" }
sdist = { url = "https://files.pythonhosted.org/packages/ee/67/531ea369ba64dcff5ec9c3402f9f51bf748cec26dde048a2f973a4eea7f5/annotated_types-0.7.0.tar.gz", hash = "sha256:aff07c09a53a08bc8cfccb9c85b05f1aa9a2a6f23728d790723543408344ce89", size = 16081, upload-time = "2024-05-20T21:33:25.928Z" }
wheels = [
    { url = "https://files.pythonhosted.org/packages/78/b6/6307fbef88d9b5ee7421e68d78a9f162e0da4900bc5f5793f6d3d0e34fb8/annotated_types-0.7.0-py3-none-any.whl", hash = "sha256:1f02e8b43a8fbbc3f3e0d4f0f4bfc8131bcb4eebe8849b8e5c773f3a1c582a53", size = 13643, upload-time = "2024-05-20T21:33:24.1Z" },
]

[[package]]
name = "anyio"
version = "4.13.0"
source = { registry = "https://pypi.org/simple" }
dependencies = [
    { name = "idna" },
    { name = "typing-extensions", marker = "python_full_version < '3.13'" },
]
sdist = { url = "https://files.pythonhosted.org/packages/19/14/2c5dd9f512b66549ae92767a9c7b330ae88e1932ca57876909410251fe13/anyio-4.13.0.tar.gz", hash = "sha256:334b70e641fd2221c1505b3890c69882fe4a2df910cba14d97019b90b24439dc", size = 231622, upload-time = "2026-03-24T12:59:09.671Z" }
wheels = [
    { url = "https://files.pythonhosted.org/packages/da/42/e921fccf5015463e32a3cf6ee7f980a6ed0f395ceeaa45060b61d86486c2/anyio-4.13.0-py3-none-any.whl", hash = "sha256:08b310f9e24a9594186fd75b4f73f4a4152069e3853f1ed8bfbf58369f4ad708", size = 114353, upload-time = "2026-03-24T12:59:08.246Z" },
]

[[package]]
name = "certifi"
version = "2026.5.20"
source = { registry = "https://pypi.org/simple" }
sdist = { url = "https://files.pythonhosted.org/packages/f3/ce/ee2ecad540810a79593028e88299baeae54d346cc7a0d94b6199988b89b1/certifi-2026.5.20.tar.gz", hash = "sha256:69dea482ab64caa7b9f6aba1c6bf48bb6a5448d1c0f1b17ab42ad8c763a5344d", size = 135422, upload-time = "2026-05-20T11:46:50.073Z" }
wheels = [
    { url = "https://files.pythonhosted.org/packages/59/8c/57e832b7af6d7c5abe66eb3fbe3a3a32f4d11ea23a1aa7131371035be991/certifi-2026.5.20-py3-none-any.whl", hash = "sha256:3c52e209ba0a4ad7aebe60436a4ab349c39e1e602e8c134221e546902ad25897", size = 134134, upload-time = "2026-05-20T11:46:48.578Z" },
]

[[package]]
name = "click"
version = "8.4.1"
source = { registry = "https://pypi.org/simple" }
dependencies = [
    { name = "colorama", marker = "sys_platform == 'win32'" },
]
sdist = { url = "https://files.pythonhosted.org/packages/9b/98/518d8e5081007684232226f475082b30087d0f585e8457db087298259f49/click-8.4.1.tar.gz", hash = "sha256:918b5633eddf6b41c32d4f454bf0de810065c74e3f7dbf8ee5452f8be88d3e96", size = 353007, upload-time = "2026-05-22T04:08:37.769Z" }
wheels = [
    { url = "https://files.pythonhosted.org/packages/c7/0d/67e5b4109ea4a837e80daa87c2c696711955e40449a97e8926672534def2/click-8.4.1-py3-none-any.whl", hash = "sha256:482be17c6991b8c19c5429a1e995d9b0efdbb63172824c41f99965dc0ade8ec2", size = 116639, upload-time = "2026-05-22T04:08:35.26Z" },
]

[[package]]
name = "colorama"
version = "0.4.6"
source = { registry = "https://pypi.org/simple" }
sdist = { url = "https://files.pythonhosted.org/packages/d8/53/6f443c9a4a8358a93a6792e2acffb9d9d5cb0a5cfd8802644b7b1c9a02e4/colorama-0.4.6.tar.gz", hash = "sha256:08695f5cb7ed6e0531a20572697297273c47b8cae5a63ffc6d6ed5c201be6e44", size = 27697, upload-time = "2022-10-25T02:36:22.414Z" }
wheels = [
    { url = "https://files.pythonhosted.org/packages/d1/d6/3965ed04c63042e047cb6a3e6ed1a63a35087b6a609aa3a15ed8ac56c221/colorama-0.4.6-py2.py3-none-any.whl", hash = "sha256:4f1d9991f5acc0ca119f9d443620b77f9d6b33703e51011c16baf57afb285fc6", size = 25335, upload-time = "2022-10-25T02:36:20.889Z" },
]

[[package]]
name = "fastapi"
version = "0.137.0"
source = { registry = "https://pypi.org/simple" }
dependencies = [
    { name = "annotated-doc" },
    { name = "pydantic" },
    { name = "starlette" },
    { name = "typing-extensions" },
    { name = "typing-inspection" },
]
sdist = { url = "https://files.pythonhosted.org/packages/da/fe/fb25c287ff7e0f79fc6acf2e8b812725dad28d2a1446c0410bab1422ac90/fastapi-0.137.0.tar.gz", hash = "sha256:d0565d551f65a803ecff245390840867186f456ef98971f750724eed16e1541c", size = 408023, upload-time = "2026-06-14T12:51:30.672Z" }
wheels = [
    { url = "https://files.pythonhosted.org/packages/e7/f1/b38481428e50131e5345b535414d11d196f14990122fe69c9020c64e5683/fastapi-0.137.0-py3-none-any.whl", hash = "sha256:6dcbde8d464f92117c1accb9e42720f8e423fa9b86cb563b1f5862f785a06498", size = 121777, upload-time = "2026-06-14T12:51:29.067Z" },
]

[[package]]
name = "greenlet"
version = "3.5.1"
source = { registry = "https://pypi.org/simple" }
sdist = { url = "https://files.pythonhosted.org/packages/6d/6e/802acd792aebb2256fbbee8cacf2727faaeb6f240ac11008f09eae4414bc/greenlet-3.5.1.tar.gz", hash = "sha256:5a56aeb7d5d9cc4b3a735efb5095bd4b4f6f0e4f93e5ca876d0e2315137b7829", size = 197356, upload-time = "2026-05-20T15:05:03.917Z" }
wheels = [
    { url = "https://files.pythonhosted.org/packages/42/3c/ff890b466eaba2b0f5e6bdfff025f8c75f41b8ffdc3dbc3d24ad261e764a/greenlet-3.5.1-cp311-cp311-macosx_11_0_universal2.whl", hash = "sha256:73f78f9b9f0a5c06e5c946ba1e8e36f5114923b6be109ee618c54f079c3ea14f", size = 284764, upload-time = "2026-05-20T13:09:10.204Z" },
    { url = "https://files.pythonhosted.org/packages/81/0e/5e5457be3d256918f6a4756f073548a3f0190836e2cc94aa6d0d617a940b/greenlet-3.5.1-cp311-cp311-manylinux_2_24_aarch64.manylinux_2_28_aarch64.whl", hash = "sha256:a0cbed8bb44e23c5b199f888f4e4ce096b45ad9f25ff74a7ad0213875e936bb2", size = 603479, upload-time = "2026-05-20T14:00:04.757Z" },
    { url = "https://files.pythonhosted.org/packages/6d/e1/f89a21d58d308298e6f275f13a1b472ed96c680b601a371b08be6a725989/greenlet-3.5.1-cp311-cp311-manylinux_2_24_ppc64le.manylinux_2_28_ppc64le.whl", hash = "sha256:a203a8bd0acb0701653d3bbb26e404854a68674139ed5cbb778830f42b09bb33", size = 615495, upload-time = "2026-05-20T14:05:40.87Z" },
    { url = "https://files.pythonhosted.org/packages/2c/f2/8fd452fd81adb9ec79c8275c1375702ab0fd6bee4952da12eaa09b9508d8/greenlet-3.5.1-cp311-cp311-manylinux_2_24_s390x.manylinux_2_28_s390x.whl", hash = "sha256:6ebeb75c81211f5c702576cf81f315e77e23cfdb2c7c6fcb9dd143e6de35c360", size = 623515, upload-time = "2026-05-20T14:09:07.853Z" },
    { url = "https://files.pythonhosted.org/packages/75/de/af6cef182862d2ccd6975440d21c9058a77c3f9b469abf94e322dfd2e0e3/greenlet-3.5.1-cp311-cp311-manylinux_2_24_x86_64.manylinux_2_28_x86_64.whl", hash = "sha256:8a271fcd66c74615cda6a964fda3f304267a12e50a084472218a39bb0376f563", size = 614754, upload-time = "2026-05-20T13:14:24.947Z" },
    { url = "https://files.pythonhosted.org/packages/ec/bc/c318aa9f3ffc77320fddcee3d892be957b42e2ff947198d9450b004f3a38/greenlet-3.5.1-cp311-cp311-manylinux_2_39_riscv64.whl", hash = "sha256:017a544f0385d441e88714160d089d6900ef46c9eff9d99b6715a5ef2d127747", size = 418439, upload-time = "2026-05-20T14:01:38.446Z" },
    { url = "https://files.pythonhosted.org/packages/1a/c6/50e520283a9f19388a7326b05f9e8637e566003475eacaadad04f558c68d/greenlet-3.5.1-cp311-cp311-musllinux_1_2_aarch64.whl", hash = "sha256:ded7b068c7c31c1a8657d4fd42d886b3e051ae29f88b80c5ff9d502257b0f071", size = 1574097, upload-time = "2026-05-20T14:02:24.003Z" },
    { url = "https://files.pythonhosted.org/packages/21/1c/13abd1f4860d987fa5e1170a01930d6e6cd40d328de487a3c9fdaff0ffd0/greenlet-3.5.1-cp311-cp311-musllinux_1_2_x86_64.whl", hash = "sha256:d0932b81d72f552ded9d810d00021b64d89f2195a91ce115b893f943b7a4ab3c", size = 1641058, upload-time = "2026-05-20T13:14:31.83Z" },
    { url = "https://files.pythonhosted.org/packages/f5/56/5f332b7705545eac2dc01b4e9254d24a793f2656d55d5cc6b94ee59d22ae/greenlet-3.5.1-cp311-cp311-win_amd64.whl", hash = "sha256:88e300d136eac057b2397aa1cfd7328b4c87c7eb66a09c7bc6a1292234db474e", size = 238089, upload-time = "2026-05-20T13:14:03.229Z" },
    { url = "https://files.pythonhosted.org/packages/d9/a9/a3c2fa886c5b94863fb0e61b3bc14610b7aa94cf4f17f8741b11708305fc/greenlet-3.5.1-cp311-cp311-win_arm64.whl", hash = "sha256:cc6ab7e555c8a112ad3a76e368e86e12a2754bcae1652a5602e133ec7b635523", size = 234989, upload-time = "2026-05-20T13:08:27.715Z" },
    { url = "https://files.pythonhosted.org/packages/c4/37/4549f149c9797c21b32c2683c33522af22522099de128b2406672526d005/greenlet-3.5.1-cp312-cp312-macosx_11_0_universal2.whl", hash = "sha256:fa4f98af3a528f0c3fd592a26df7f376f93329c8f4d987f6bb979057af8bf5e2", size = 286220, upload-time = "2026-05-20T13:07:28.463Z" },
    { url = "https://files.pythonhosted.org/packages/38/ff/a4f436709716965eaab9f36ea7b906c8a927fbe32fb1372a2071d964f6b1/greenlet-3.5.1-cp312-cp312-manylinux_2_24_aarch64.manylinux_2_28_aarch64.whl", hash = "sha256:ffea73584b216150eab159b6d12348fb253e68757974de1e2c40d8a318ac89ed", size = 601585, upload-time = "2026-05-20T14:00:06.141Z" },
    { url = "https://files.pythonhosted.org/packages/65/ad/54bc3fcee3ad368a61b19b67d88117f7a8c29727bf71fffdeda81fbd946e/greenlet-3.5.1-cp312-cp312-manylinux_2_24_ppc64le.manylinux_2_28_ppc64le.whl", hash = "sha256:1072b4f9edcc1e192d9283a66a3e68d6b84c561de33a83d7858beb9ba1effe10", size = 614215, upload-time = "2026-05-20T14:05:42.675Z" },
    { url = "https://files.pythonhosted.org/packages/7c/6c/de5b1b388cd2d9fbdfeab324863daba37d54e6e233ddbefd70b385a8c591/greenlet-3.5.1-cp312-cp312-manylinux_2_24_s390x.manylinux_2_28_s390x.whl", hash = "sha256:89101bfd5011e069be974903cb3a4e4523845e4ece2d62dcd8d358933c0ef249", size = 620094, upload-time = "2026-05-20T14:09:09.18Z" },
    { url = "https://files.pythonhosted.org/packages/40/69/b91cda0647df839483201545913514c2827ebea5e5ccdf931842763bc127/greenlet-3.5.1-cp312-cp312-manylinux_2_24_x86_64.manylinux_2_28_x86_64.whl", hash = "sha256:add5217d68b31130f0beca584d7fef4878327d2e31642b66618a14eef312b63b", size = 611358, upload-time = "2026-05-20T13:14:26.37Z" },
    { url = "https://files.pythonhosted.org/packages/4a/43/1204baffab8a6476464795a7ccf394a3248d4f22c9f87173a15b36b6d971/greenlet-3.5.1-cp312-cp312-manylinux_2_39_riscv64.whl", hash = "sha256:e6cd99ea59dd5d89f0c956606571d79bfe6f68c9eb7f4a4083a41a7f1587edee", size = 422782, upload-time = "2026-05-20T14:01:39.597Z" },
    { url = "https://files.pythonhosted.org/packages/59/90/3cf77e080350cd02fa307bb2abf05df48f4482c240275bbd2c203ba8bb1c/greenlet-3.5.1-cp312-cp312-musllinux_1_2_aarch64.whl", hash = "sha256:a5ea42a752d47a145eae922b605cd1634665ac3d5ec1e72402d5048e8d60d207", size = 1570475, upload-time = "2026-05-20T14:02:25.29Z" },
    { url = "https://files.pythonhosted.org/packages/65/2c/18cece62045e74598c3c393f70dce4a63f56222015ba29a5d4eeb04f764c/greenlet-3.5.1-cp312-cp312-musllinux_1_2_x86_64.whl", hash = "sha256:c5551170cf4f5ff5623e9af81323751979fee2c731e2287b61f73cd27257b823", size = 1635625, upload-time = "2026-05-20T13:14:34.027Z" },
    { url = "https://files.pythonhosted.org/packages/30/f5/310d104ddf41eb5a70f4c268d22508dfb0c3c8e86fec152be34d0d2ed819/greenlet-3.5.1-cp312-cp312-win_amd64.whl", hash = "sha256:3c8bb982ad117d29478ef8f5533e97df21f1e2befd17a299257b0c96d1371c0b", size = 238791, upload-time = "2026-05-20T13:10:39.018Z" },
    { url = "https://files.pythonhosted.org/packages/62/90/ceca11f504cd23a8047a3dea31919adc48df9b626dd0c13f0d858734fdfd/greenlet-3.5.1-cp312-cp312-win_arm64.whl", hash = "sha256:80eb4b04dadc4e67df3fae179a32c4706a3f495bc7f22fc8a81115d5f5512188", size = 235580, upload-time = "2026-05-20T13:08:45.056Z" },
    { url = "https://files.pythonhosted.org/packages/27/69/7f7e5372d998b81001899b1c0823c957aa413ba0f2662e65821611cc31e4/greenlet-3.5.1-cp313-cp313-macosx_11_0_universal2.whl", hash = "sha256:51518ff74664078fc51bffcc6fc529b0df5ae58da192691cee765d45ce944a2b", size = 285060, upload-time = "2026-05-20T13:08:51.899Z" },
    { url = "https://files.pythonhosted.org/packages/b1/bf/387f9b6b865fd2ae0d0be09e0004827295a01b71be76ed350dd1e28a91a4/greenlet-3.5.1-cp313-cp313-manylinux_2_24_aarch64.manylinux_2_28_aarch64.whl", hash = "sha256:1ffdb3c0bb002c99cd8f298957e046c3dbf6006b5b7cdf11a4e19194624a0a0a", size = 604370, upload-time = "2026-05-20T14:00:07.492Z" },
    { url = "https://files.pythonhosted.org/packages/32/f5/169ce3d4e4c67291bd18f8cbe0299c9f3e45102c7f1fb3c14780c93e4532/greenlet-3.5.1-cp313-cp313-manylinux_2_24_ppc64le.manylinux_2_28_ppc64le.whl", hash = "sha256:7715a5a2c3378ba602c3a440558261e13a820bb53a82693aacd7b7f6d964e283", size = 616987, upload-time = "2026-05-20T14:05:44.237Z" },
    { url = "https://files.pythonhosted.org/packages/19/ba/c24110c55dffa55aa6e1d98b45310da33801aeba7686ff0190fe5d46fd32/greenlet-3.5.1-cp313-cp313-manylinux_2_24_s390x.manylinux_2_28_s390x.whl", hash = "sha256:d40a890035c0058cadbdc4af7569800fd28a0e527a0fdbb7b5f9418f176846ce", size = 622911, upload-time = "2026-05-20T14:09:10.598Z" },
    { url = "https://files.pythonhosted.org/packages/ee/e5/7f2e41d5273be07e77560d61ea4e56485b4d6c316d2a84518c62d1364061/greenlet-3.5.1-cp313-cp313-manylinux_2_24_x86_64.manylinux_2_28_x86_64.whl", hash = "sha256:dc71ff466927a201b08305acac451ebe1aedfcea002f62f1f2f2ac2ac1e6a135", size = 613911, upload-time = "2026-05-20T13:14:27.539Z" },
    { url = "https://files.pythonhosted.org/packages/ec/7b/d20db2e8a5ad6c038702f3179b136f93f0a3d1a21a0c0777f3e470cdf4b2/greenlet-3.5.1-cp313-cp313-manylinux_2_39_riscv64.whl", hash = "sha256çwòÚ$z{-®éÜj×v†Â"Â†6‚Ò'6†#Sc£v&S“V6f#FFSC6VVC&&6&†3#6cCƒ“&Cƒ“s3c#fc63f#sƒ“S&VSs""Â6—¦RÒƒSƒsÂWÆöB×F–ÖRÒ###bÓÓC“£##£3’ãƒ“5¢"ÒÀ¢²W&ÂÒ&‡GG3¢òöf–ÆW2ç—F†öæ†÷7FVBæ÷&r÷6¶vW2óƒróRóS3ccS&ƒFFF33†F&#vS&3F6&6CF#ƒƒCSƒ&c†S“VV6SsS“6fFSS#fb÷vV'6ö6¶WG2ÓbãÖ73Ö73Ö×W6ÆÆ–çW…óó%ö&6ƒcBçv†Â"Â†6‚Ò'6†#Sc¦Cc#“v6S3–6SV3&SffV#63““f&FVC6#cƒ3#SVf6f3“##cV3sfc#F3v66V#R"Â6—¦RÒƒS3cÂWÆöB×F–ÖRÒ###bÓÓC“£##£Cãe¢"ÒÀ¢²W&ÂÒ&‡GG3¢òöf–ÆW2ç—F†öæ†÷7FVBæ÷&r÷6¶vW2ófBöS"öCS33&3“F&#Scff##ƒV3S6f3Cƒ“sƒ3scSCsCV&c–ccS–V3’÷vV'6ö6¶WG2ÓbãÖ73Ö73Ö×W6ÆÆ–çW…óó%÷ƒƒeócBçv†Â"Â†6‚Ò'6†#Sc£3#3SFcC“v##3SCSvc3CcvcSc#CF3c6s–3CFf6SCf3#ƒ63#VcfScB"Â6—¦RÒƒCcRÂWÆöB×F–ÖRÒ###bÓÓC“£##£C"ãCC%¢"ÒÀ¢²W&ÂÒ&‡GG3¢òöf–ÆW2ç—F†öæ†÷7FVBæ÷&r÷6¶vW2ósröf"öC6c“Sscc“6S“#S6#SSSVcƒC&3cc&c“ƒ6Cc3s“S6SVV#3cB÷vV'6ö6¶WG2ÓbãÖ73Ö73×v–ã3"çv†Â"Â†6‚Ò'6†#Sc£VcCSCƒFV#V6fVS66csƒ–##cfcS3SC–C3†3Sc“cfCcsC3cF#ƒf3b"Â6—¦RÒsƒ#CbÂWÆöB×F–ÖRÒ###bÓÓC“£##£C2ãcSE¢"ÒÀ¢²W&ÂÒ&‡GG3¢òöf–ÆW2ç—F†öæ†÷7FVBæ÷&r÷6¶vW2óSBócröVfcsf#6F&c†F6FF&36#†3F&S#Cƒ3sc666fccss“3ƒ“s“CV#3sC‚÷vV'6ö6¶WG2ÓbãÖ73Ö73×v–åöÖCcBçv†Â"Â†6‚Ò'6†#Sc£†CvccS“SsVVf#Ss†F6FS“†S#Ff#cc3S3S“6SFcSfS“sƒv&VSsvF2"Â6—¦RÒsƒcƒBÂWÆöB×F–ÖRÒ###bÓÓC“£##£CBã“C¢"ÒÀ¢²W&ÂÒ&‡GG3¢òöf–ÆW2ç—F†öæ†÷7FVBæ÷&r÷6¶vW2óƒBóv"ö&3CC&Sf#“f3–C#S“#c“SSs†FFƒ#C63ss“3cF#Scƒ#3v&CFFV#CB÷vV'6ö6¶WG2ÓbãÖ73"Ö73"ÖÖ6÷7…óó5÷Væ—fW'6Ã"çv†Â"Â†6‚Ò'6†#Sc£s3“ƒ–6&c3#SFf&CVSƒFC6&fc3SFF3–3C6cƒƒFScFc#SSCF&#63ƒc#3c"Â6—¦RÒss3cRÂWÆöB×F–ÖRÒ###bÓÓC“£##£Cbãsƒu¢"ÒÀ¢²W&ÂÒ&‡GG3¢òöf–ÆW2ç—F†öæ†÷7FVBæ÷&r÷6¶vW2ö#öfRó3f66V6Sc&Cc“C–3csV&VVfC“S6&##3c3FFSs3S–CVFc–C#–6÷vV'6ö6¶WG2ÓbãÖ73"Ö73"ÖÖ6÷7…óó5÷ƒƒeócBçv†Â"Â†6‚Ò'6†#Sc£†#fS#–ffVS3–fc#fCfv&fVcfFS“S3cFf#“#†f6VCvFFVSS3“#s’"Â6—¦RÒsS3‚ÂWÆöB×F–ÖRÒ###bÓÓC“£##£Crã““•¢"ÒÀ¢²W&ÂÒ&‡GG3¢òöf–ÆW2ç—F†öæ†÷7FVBæ÷&r÷6¶vW2óCóRó“ssC#3##ƒfV#“V#ƒSsV#6#sS3cc6&c†#VSccFcfC“Ccs2÷vV'6ö6¶WG2ÓbãÖ73"Ö73"ÖÖ6÷7…óóö&ÓcBçv†Â"Â†6‚Ò'6†#Sc£ƒcƒ“Sƒ3vCcSsF3“&“sC“fCS““c†##63&VcV#†–&3“C#CsF6C3s†S3’"Â6—¦RÒsS3#‚ÂWÆöB×F–ÖRÒ###bÓÓC“£##£C’ãƒ•¢"ÒÀ¢²W&ÂÒ&‡GG3¢òöf–ÆW2ç—F†öæ†÷7FVBæ÷&r÷6¶vW2ó‚ó#’óss#–#Ccsc#SVVCcSs33#ƒC#“3f3ƒsVc6c“vc6fccF3ƒ"÷vV'6ö6¶WG2ÓbãÖ73"Ö73"ÖÖç–Æ–çWƒ÷ƒƒeócBæÖç–Æ–çW…ó%ó#…÷ƒƒeócBæÖç–Æ–çW…ó%óU÷ƒƒeócBçv†Â"Â†6‚Ò'6†#Sc£–#V63†#csC“&VcS††#scƒSƒc#Cƒ†Csƒc###“&3F#CS†Cc6vFCV2"Â6—¦RÒƒC“RÂWÆöB×F–ÖRÒ###bÓÓC“£##£Sãs¢"ÒÀ¢²W&ÂÒ&‡GG3¢òöf–ÆW2ç—F†öæ†÷7FVBæ÷&r÷6¶vW2ó“rö&"ó#33f#vF&&f3ƒVC&CCƒ6CcVFc&F3“6&csfC“sCscV†S#vfc“C–B÷vV'6ö6¶WG2ÓbãÖ73"Ö73"ÖÖç–Æ–çWƒ#Eö&6ƒcBæÖç–Æ–çW…ó%óuö&6ƒcBæÖç–Æ–çW…ó%ó#…ö&6ƒcBçv†Â"Â†6‚Ò'6†#Sc¦S33Cƒs&33v#ccC†3S&cf#–6fCs3v3#c3cVcvccVS#6S&CCC3S–b"Â6—¦RÒƒcS"ÂWÆöB×F–ÖRÒ###bÓÓC“£##£S"ã##E¢"ÒÀ¢²W&ÂÒ&‡GG3¢òöf–ÆW2ç—F†öæ†÷7FVBæ÷&r÷6¶vW2óFó3Bó–&c†Fc36cƒ†fv&fS3ccs†F3v##“s3–vCVScV3““#“&F#ƒv#&S"÷vV'6ö6¶WG2ÓbãÖ73"Ö73"Ö×W6ÆÆ–çW…óó%ö&6ƒcBçv†Â"Â†6‚Ò'6†#Sc¦#3S#C#F63f#VF#ƒƒ3†&&V3cƒƒƒ3F##3ƒ3#Sccƒ†6cCvV#“sC#S3F"Â6—¦RÒƒSSƒ2ÂWÆöB×F–ÖRÒ###bÓÓC“£##£S2ãCC5¢"ÒÀ¢²W&ÂÒ&‡GG3¢òöf–ÆW2ç—F†öæ†÷7FVBæ÷&r÷6¶vW2óCróƒ‚óFFCScc†S6Cf#63v3ƒ3#ƒƒCF6CC#F–&CSƒVVf&3##f6#cfc&B÷vV'6ö6¶WG2ÓbãÖ73"Ö73"Ö×W6ÆÆ–çW…óó%÷ƒƒeócBçv†Â"Â†6‚Ò'6†#Sc£CƒV3C“fCc3c“ƒc#63S63633“CCf3S†FScS6&cf3–Ffcs33V""Â6—¦RÒƒCƒƒÂWÆöB×F–ÖRÒ###bÓÓC“£##£SRã35¢"ÒÀ¢²W&ÂÒ&‡GG3¢òöf–ÆW2ç—F†öæ†÷7FVBæ÷&r÷6¶vW2ó“öCbóvCCSS6CF&c3C#SV&CF#†FSVC““ƒ3ƒ6#V6C“3v#c6Fc†CF#ScR÷vV'6ö6¶WG2ÓbãÖ73"Ö73"×v–ã3"çv†Â"Â†6‚Ò'6†#Sc¦VFVCCc–cVSV#s#“FS&&F6#f&V6#csSfVƒcƒ“FCsƒcCScƒ“#“ƒƒ63ƒ’"Â6—¦RÒsƒ#cÂWÆöB×F–ÖRÒ###bÓÓC“£##£Sbã#S¢"ÒÀ¢²W&ÂÒ&‡GG3¢òöf–ÆW2ç—F†öæ†÷7FVBæ÷&r÷6¶vW2ö32öcöc6s3cSCCVC3#vcƒSƒ#&&3cƒf“SVCs36fSS&fFcVS“†33"÷vV'6ö6¶WG2ÓbãÖ73"Ö73"×v–åöÖCcBçv†Â"Â†6‚Ò'6†#Sc£SSc“CvF3ƒ“svf3†3&CC6ƒfcs†SV#&fVSsScVCsƒc##f&##cFVCFV"Â6—¦RÒsƒc“2ÂWÆöB×F–ÖRÒ###bÓÓC“£##£SrãCs…¢"ÒÀ¢²W&ÂÒ&‡GG3¢òöf–ÆW2ç—F†öæ†÷7FVBæ÷&r÷6¶vW2ö62ó–2ö&ƒCScSC3#†FCV3s3Cc#ccc†6&3fcCV#FS3FCsv&#ƒCV&cB÷vV'6ö6¶WG2ÓbãÖ732Ö732ÖÖ6÷7…óó5÷Væ—fW'6Ã"çv†Â"Â†6‚Ò'6†#Sc£ƒs†#33f3Cs“3†#CsF3†c“ƒ&3&cs#cfSCF36fFCsFS“ffV“ƒ#6&63’"Â6—¦RÒss3cBÂWÆöB×F–ÖRÒ###bÓÓC“£##£S’ã335¢"ÒÀ¢²W&ÂÒ&‡GG3¢òöf–ÆW2ç—F†öæ†÷7FVBæ÷&r÷6¶vW2óvRó2óƒƒf3S6S–&6fcc†fSvFS&&6&SsSf†C“S–3c“–3#cCƒCvƒ“#S#÷vV'6ö6¶WG2ÓbãÖ732Ö732ÖÖ6÷7…óó5÷ƒƒeócBçv†Â"Â†6‚Ò'6†#Sc£S&fV3Sf3†C–sƒF3&3sƒ#sfC†&&Fc“–SF663&F6CS6##ss†F&fC#3"Â6—¦RÒsS3’ÂWÆöB×F–ÖRÒ###bÓÓC“£#3£ãs¢"ÒÀ¢²W&ÂÒ&‡GG3¢òöf–ÆW2ç—F†öæ†÷7FVBæ÷&r÷6¶vW2öóƒ"ó3–Vc“6#“–V3#S–SCƒ#“s#3†3ƒCVc“##C6#–fsfFC“c&6F–Cc"÷vV'6ö6¶WG2ÓbãÖ732Ö732ÖÖ6÷7…óóö&ÓcBçv†Â"Â†6‚Ò'6†#Sc¦ScSs†VCV#c“ƒVFcƒcSfS3cvcFf33vSfs#Fffc†3C†fF3Sc6VC&2"Â6—¦RÒsS3#2ÂWÆöB×F–ÖRÒ###bÓÓC“£#3£"ã3C¢"ÒÀ¢²W&ÂÒ&‡GG3¢òöf–ÆW2ç—F†öæ†÷7FVBæ÷&r÷6¶vW2ö&Bó#‚ó#VVSS3C&V#VCVc#“vC““&svSScƒ“&V6#cVSsƒSF3sƒ“†f#vC3VS–#36&B÷vV'6ö6¶WG2ÓbãÖ732Ö732ÖÖç–Æ–çWƒ÷ƒƒeócBæÖç–Æ–çW…ó%ó#…÷ƒƒeócBæÖç–Æ–çW…ó%óU÷ƒƒeócBçv†Â"Â†6‚Ò'6†#Sc£“Ss#FSc3†cc–33S&#3&#vCSƒ6C–633“#S–c6V“FSCCv#&#s–SR"Â6—¦RÒƒC“sRÂWÆöB×F–ÖRÒ###bÓÓC“£#3£2ãsSe¢"ÒÀ¢²W&ÂÒ&‡GG3¢òöf–ÆW2ç—F†öæ†÷7FVBæ÷&r÷6¶vW2öc’ócbó#vVS#sCsS&cSv3&SCfFVSƒ3“Vcƒ&S3FSS“&ƒ–“3fSb÷vV'6ö6¶WG2ÓbãÖ732Ö732ÖÖç–Æ–çWƒ#Eö&6ƒcBæÖç–Æ–çW…ó%óuö&6ƒcBæÖç–Æ–çW…ó%ó#…ö&6ƒcBçv†Â"Â†6‚Ò'6†#Sc¦3#FF3c&ƒ–F3–CSCcƒ#C&3#3SC&CsCƒ#cCsC3SƒV366CVSF&FSƒ""Â6—¦RÒƒc#2ÂWÆöB×F–ÖRÒ###bÓÓC“£#3£Rã¢"ÒÀ¢²W&ÂÒ&‡GG3¢òöf–ÆW2ç—F†öæ†÷7FVBæ÷&r÷6¶vW2ó3röSRó†S3#ƒSs3sCfsSsƒf&#Cs“3–CS3Cc3S–&Ss6fS3ƒ#fVS&#s“&÷vV'6ö6¶WG2ÓbãÖ732Ö732Ö×W6ÆÆ–çW…óó%ö&6ƒcBçv†Â"Â†6‚Ò'6†#Sc£S&3CƒcCFC3#“sCccsc3VVFV“3&c3V#3&FS3fFcfCf##–ccsCVVC‚"Â6—¦RÒƒScS2ÂWÆöB×F–ÖRÒ###bÓÓC“£#3£bã3¢"ÒÀ¢²W&ÂÒ&‡GG3¢òöf–ÆW2ç—F†öæ†÷7FVBæ÷&r÷6¶vW2ó–"ócröc“#f&3#“ƒƒ#ƒ“Ccc“3c†F3s6cFF“f6FcCs“SVCƒVCc6FcSs3r÷vV'6ö6¶WG2ÓbãÖ732Ö732Ö×W6ÆÆ–çW…óó%÷ƒƒeócBçv†Â"Â†6‚Ò'6†#Sc£fSVƒ&#csvc†cfcS–S†Ff33FV3f6f#V#C†&3Ff6F3Cf6C“3c“F63&3#FC†b"Â6—¦RÒƒC“#ÂWÆöB×F–ÖRÒ###bÓÓC“£#3£rãC“%¢"ÒÀ¢²W&ÂÒ&‡GG3¢òöf–ÆW2ç—F†öæ†÷7FVBæ÷&r÷6¶vW2ó62öó6Cf66F6C#V#C&3&6CVvcsVCcƒ†cs6#&#&C†6c3ƒsVC3VC3F÷vV'6ö6¶WG2ÓbãÖ732Ö732×v–ã3"çv†Â"Â†6‚Ò'6†#Sc¦&cS““c6ccF3ƒƒfVc3†#CssscSSFF33sƒ&ffcs3ccCS3V"Â6—¦RÒsƒ#SRÂWÆöB×F–ÖRÒ###bÓÓC“£#3£’ã#CU¢"ÒÀ¢²W&ÂÒ&‡GG3¢òöf–ÆW2ç—F†öæ†÷7FVBæ÷&r÷6¶vW2óf"öRó“3cc3FCv3&6Sƒc–#ƒ#c“f–S“C†#F&#scSCFC6#ƒs6&##s&6&c“f"÷vV'6ö6¶WG2ÓbãÖ732Ö732×v–åöÖCcBçv†Â"Â†6‚Ò'6†#Sc£3C#V3V6cCCƒƒ33VCffF3vSV###s#SSCv“f63f#3#3ƒccCSVf&3Sb"Â6—¦RÒsƒcƒ’ÂWÆöB×F–ÖRÒ###bÓÓC“£#3£ãCƒ5¢"ÒÀ¢²W&ÂÒ&‡GG3¢òöf–ÆW2ç—F†öæ†÷7FVBæ÷&r÷6¶vW2öc2óBöSƒƒ##c3#scV&C3C–VCƒ#Cs3c#ƒ“3SSS†Cc#†FCS&3FCƒc##F#"÷vV'6ö6¶WG2ÓbãÖ73BÖ73BÖÖ6÷7…óóU÷Væ—fW'6Ã"çv†Â"Â†6‚Ò'6†#Sc£†63CSSc&VSS3C&3S&C&CS6C†&cƒ–&6#3Ss“–6#CCƒsSƒscc33†"Â6—¦RÒssCbÂWÆöB×F–ÖRÒ###bÓÓC“£#3£"ãs…¢"ÒÀ¢²W&ÂÒ&‡GG3¢òöf–ÆW2ç—F†öæ†÷7FVBæ÷&r÷6¶vW2öc"ós‚öSc6&S&cs#FVV#CcfVf#S3“CFcv33“S6#s“Sss“–&#S“V&ffC3†R÷vV'6ö6¶WG2ÓbãÖ73BÖ73BÖÖ6÷7…óóU÷ƒƒeócBçv†Â"Â†6‚Ò'6†#Sc¦F6#ffcs“#C6cf3vf3–S“C–CC#3&C–CvC#ffC3S#&#C&#FCc#CƒvS““B"Â6—¦RÒsSƒRÂWÆöB×F–ÖRÒ###bÓÓC“£#3£2ãS¢"ÒÀ¢²W&ÂÒ&‡GG3¢òöf–ÆW2ç—F†öæ†÷7FVBæ÷&r÷6¶vW2ö&"öcBöC63“##Cƒ†VS“SVS3“6c3–v3vCcv&V6V##FcVVSv#CC3CV&÷vV'6ö6¶WG2ÓbãÖ73BÖ73BÖÖ6÷7…óóö&ÓcBçv†Â"Â†6‚Ò'6†#Sc¦fC66#FF#“F&fS&#v3C†CV6#“FSfc3ƒ6c–F3#c“Ff#cV3vS†C“F3C&SB"Â6—¦RÒsS3#‚ÂWÆöB×F–ÖRÒ###bÓÓC“£#3£Bãs#u¢"ÒÀ¢²W&ÂÒ&‡GG3¢òöf–ÆW2ç—F†öæ†÷7FVBæ÷&r÷6¶vW2óc2ö&2öC6S#ƒ#†FSsssƒvSff#&###Sffcv&&66CfFc–C–3&&cFCƒc–S’÷vV'6ö6¶WG2ÓbãÖ73BÖ73BÖÖç–Æ–çWƒ÷ƒƒeócBæÖç–Æ–çW…ó%ó#…÷ƒƒeócBæÖç–Æ–çW…ó%óU÷ƒƒeócBçv†Â"Â†6‚Ò'6†#Sc£sƒ6cVS†VVScvccc3#cC“3&c“fcC“cS“F6#ƒf#C†s3c3c“SSS†36R"Â6—¦RÒƒSCBÂWÆöB×F–ÖRÒ###bÓÓC“£#3£Rã“3•¢"ÒÀ¢²W&ÂÒ&‡GG3¢òöf–ÆW2ç—F†öæ†÷7FVBæ÷&r÷6¶vW2öBófRó–“#v3#F&C36–cƒ3FCƒ–S&3v6fC†S6&VCvƒcCvccss663R÷vV'6ö6¶WG2ÓbãÖ73BÖ73BÖÖç–Æ–çWƒ#Eö&6ƒcBæÖç–Æ–çW…ó%óuö&6ƒcBæÖç–Æ–çW…ó%ó#…ö&6ƒcBçv†Â"Â†6‚Ò'6†#Sc¦6#Ss&3S“s66#f††&CƒcVSƒ6c3scfƒ&fc#sv#sSB"Â6—¦RÒƒc#s’ÂWÆöB×F–ÖRÒ###bÓÓC“£#3£rãC…¢"ÒÀ¢²W&ÂÒ&‡GG3¢òöf–ÆW2ç—F†öæ†÷7FVBæ÷&r÷6¶vW2ö#’ö6ö&c3cƒCCCvƒcƒƒS&ScS63ƒS“S“S&VfC6s“3#3#33FfFfS#2÷vV'6ö6¶WG2ÓbãÖ73BÖ73BÖ×W6ÆÆ–çW…óó%ö&6ƒcBçv†Â"Â†6‚Ò'6†#Sc£–3FF3ƒC“†SS#6fCc3sSSc3svC3–S“V3cs&fcF#VC–S3CFc6#636#"Â6—¦RÒƒSsÂWÆöB×F–ÖRÒ###bÓÓC“£#3£‚ã3s%¢"ÒÀ¢²W&ÂÒ&‡GG3¢òöf–ÆW2ç—F†öæ†÷7FVBæ÷&r÷6¶vW2ö3Böc‚öfF33CcC6“ƒ“Scc#v&#Csv6&3Cv6s#&6&F“3SC3ƒ–3C63#“fV&b÷vV'6ö6¶WG2ÓbãÖ73BÖ73BÖ×W6ÆÆ–çW…óó%÷ƒƒeócBçv†Â"Â†6‚Ò'6†#Sc¦VS†#3†&###C–3–“#3SCcf#“S“fSCs“Scs#S“†Sƒss&FCƒfVF3v3fC2"Â6—¦RÒƒC“ƒ"ÂWÆöB×F–ÖRÒ###bÓÓC“£#3£’ãcS%¢"ÒÀ¢²W&ÂÒ&‡GG3¢òöf–ÆW2ç—F†öæ†÷7FVBæ÷&r÷6¶vW2öFBöCóSsFf#vS#33scFF&3–3S#s3Cc6f6c#ƒ#6#fcƒSf#33#–f3c#c†CfSFb÷vV'6ö6¶WG2ÓbãÖ73BÖ73B×v–ã3"çv†Â"Â†6‚Ò'6†#Sc¦c–Cs3F3FC3ƒ#s#–VFC6S–c#Cv36#&C3SCV“s&fCc#scS†3#‚"Â6—¦RÒss“RÂWÆöB×F–ÖRÒ###bÓÓC“£#3£#ãCS…¢"ÒÀ¢²W&ÂÒ&‡GG3¢òöf–ÆW2ç—F†öæ†÷7FVBæ÷&r÷6¶vW2ó†öcöSf#“3v&c3#f#S3F6ScCƒ#3cVfFS33Sv3sƒF3SƒS#“sƒsc†#VVfcB÷vV'6ö6¶WG2ÓbãÖ73BÖ73B×v–åöÖCcBçv†Â"Â†6‚Ò'6†#Sc¦3VSSc6c#3“Cs3&3fCvS66S#C“V3C†c6cS&V3Cs–VCf3c#–F##c–B"Â6—¦RÒsƒ3ƒÂWÆöB×F–ÖRÒ###bÓÓC“£#3£#"ãsU¢"ÒÀ¢²W&ÂÒ&‡GG3¢òöf–ÆW2ç—F†öæ†÷7FVBæ÷&r÷6¶vW2óbó–"öcs“CF#CƒC6Sc#sSsvf&V#3vfS“C#SF†3fc†&SF#6SC“3&3÷vV'6ö6¶WG2ÓbãÖ73BÖ73GBÖÖ6÷7…óóU÷Væ—fW'6Ã"çv†Â"Â†6‚Ò'6†#Sc¦3SS3–6636fV&##&#†cFCF“–63s–#C##fsSfsCF3s#&Sƒ6#C3#CB"Â6—¦RÒsss3rÂWÆöB×F–ÖRÒ###bÓÓC“£#3£#BãS#5¢"ÒÀ¢²W&ÂÒ&‡GG3¢òöf–ÆW2ç—F†öæ†÷7FVBæ÷&r÷6¶vW2ö&BóCóS6C#3Cf36#66SCƒ“#6cc3S3cvF3“†#s3Ss&C&6FCssF63–÷vV'6ö6¶WG2ÓbãÖ73BÖ73GBÖÖ6÷7…óóU÷ƒƒeócBçv†Â"Â†6‚Ò'6†#Sc¦#sƒF6VFSƒScF6S“6V3ƒVC3#c–C#FCF3ƒ&c#&#s###63“sF3CCC“ƒV&3VR"Â6—¦RÒsS#c‚ÂWÆöB×F–ÖRÒ###bÓÓC“£#3£#Rãsƒ¢"ÒÀ¢²W&ÂÒ&‡GG3¢òöf–ÆW2ç—F†öæ†÷7FVBæ÷&r÷6¶vW2ósBó–"ócS†CFSCS–#“ƒFc“C–F6&&#3VC#sSF3sc†S3#–#–&&C&#F3Fc’÷vV'6ö6¶WG2ÓbãÖ73BÖ73GBÖÖ6÷7…óóö&ÓcBçv†Â"Â†6‚Ò'6†#Sc£Sc–CFSvf&“Sf3VSFf3“ƒ†cCFSƒs“cSC“v6SCc33–3““fF&c#FcscC"Â6—¦RÒsSCƒbÂWÆöB×F–ÖRÒ###bÓÓC“£#3£#rã35¢"ÒÀ¢²W&ÂÒ&‡GG3¢òöf–ÆW2ç—F†öæ†÷7FVBæ÷&r÷6¶vW2öSRó&BósSƒ6#3#†#c3–3ƒ“#fc“Ss3cCf3&3–ffCcfcCFFc“cs“ƒcFcƒC–B÷vV'6ö6¶WG2ÓbãÖ73BÖ73GBÖÖç–Æ–çWƒ÷ƒƒeócBæÖç–Æ–çW…ó%ó#…÷ƒƒeócBæÖç–Æ–çW…ó%óU÷ƒƒeócBçv†Â"Â†6‚Ò'6†#Sc£Sc#66FCƒ3C6#“ƒC“SvSCssƒ3“ƒCCfccv6C3#CSf#ƒ#FSsF3V#&cfS‚"Â6—¦RÒƒS33ÂWÆöB×F–ÖRÒ###bÓÓC“£#3£#‚ã#S•¢"ÒÀ¢²W&ÂÒ&‡GG3¢òöf–ÆW2ç—F†öæ†÷7FVBæ÷&r÷6¶vW2óCRö#ö66S3sƒFV#S–#v#VCcƒCF#“cs63#†F6#vC†#cFCƒs–C#C3‚÷vV'6ö6¶WG2ÓbãÖ73BÖ73GBÖÖç–Æ–çWƒ#Eö&6ƒcBæÖç–Æ–çW…ó%óuö&6ƒcBæÖç–Æ–çW…ó%ó#…ö&6ƒcBçv†Â"Â†6‚Ò'6†#Sc£S##ƒFƒ63S–#sS“c“v#vc–S–6FFcFS63sƒcFCC“cF#Cs&#scs†cƒ–SƒR"Â6—¦RÒƒcSÂWÆöB×F–ÖRÒ###bÓÓC“£#3£#’ãCC•¢"ÒÀ¢²W&ÂÒ&‡GG3¢òöf–ÆW2ç—F†öæ†÷7FVBæ÷&r÷6¶vW2ó’ócö#†V&SF3vSƒ–f#Vcf6Fcƒc#63–C“#sƒ–S3c3c“Scv&6f336fS&#33R÷vV'6ö6¶WG2ÓbãÖ73BÖ73GBÖ×W6ÆÆ–çW…óó%ö&6ƒcBçv†Â"Â†6‚Ò'6†#Sc¦&3S“Sƒ–#cF###3ƒVcC#–#“Cc“s3C†f#3FS†6S##SCFS3cƒ#&S“33#S“CB"Â6—¦RÒƒcc"ÂWÆöB×F–ÖRÒ###bÓÓC“£#3£3ã3c…¢"ÒÀ¢²W&ÂÒ&‡GG3¢òöf–ÆW2ç—F†öæ†÷7FVBæ÷&r÷6¶vW2óƒ‚ö‚öƒS“6cƒ–#3†#f6&##†c†FcScs6#SSfcs#ƒs“3###ƒ†#333v3#‚÷vV'6ö6¶WG2ÓbãÖ73BÖ73GBÖ×W6ÆÆ–çW…óó%÷ƒƒeócBçv†Â"Â†6‚Ò'6†#Sc£3&F“SFff#ƒC#Sƒ3SVSv&3s63c3SCc3#3†Ss“v3s3sVF3ƒ“3#sC3C#b"Â6—¦RÒƒS3SbÂWÆöB×F–ÖRÒ###bÓÓC“£#3£3"ãc#u¢"ÒÀ¢²W&ÂÒ&‡GG3¢òöf–ÆW2ç—F†öæ†÷7FVBæ÷&r÷6¶vW2ö3"ö#bö#–fVC&fFFFcVV&#&fƒ&cF#ƒc†cC&cƒS3–&fSF#s#S#cf3–fR÷vV'6ö6¶WG2ÓbãÖ73BÖ73GB×v–ã3"çv†Â"Â†6‚Ò'6†#Sc£VF#F63SS6#ccVFC†Cvcƒc†3†CF3ƒ#3cƒSs3c6C63–6cv36&c†3c6b"Â6—¦RÒsƒƒRÂWÆöB×F–ÖRÒ###bÓÓC“£#3£32ãƒe¢"ÒÀ¢²W&ÂÒ&‡GG3¢òöf–ÆW2ç—F†öæ†÷7FVBæ÷&r÷6¶vW2ó–bó6Ró#ƒ3V#FS3ƒCC“6fƒC#f#s–fcsS–3†63FfcS“ƒsƒv#–f#c“6Fc“2÷vV'6ö6¶WG2ÓbãÖ73BÖ73GB×v–åöÖCcBçv†Â"Â†6‚Ò'6†#Sc¦#FF3CVCfC&FFSC3v6FF##cF&63fFc“3VCs“cSc3ƒv&CCc3&&&&B"Â6—¦RÒsƒS3ÂWÆöB×F–ÖRÒ###bÓÓC“£#3£3Rãe¢"ÒÀ¢²W&ÂÒ&‡GG3¢òöf–ÆW2ç—F†öæ†÷7FVBæ÷&r÷6¶vW2ós"órö3“†cƒSsF6c#SfSsFccƒf#†63VVSfV#&C6CV6fCFC3vcƒc–C“cb÷vV'6ö6¶WG2Óbã×3×—“3÷s2ÖÖ6÷7…óóU÷ƒƒeócBçv†Â"Â†6‚Ò'6†#Sc£3C–cƒ66Cf3–CSC#†VSV6F#V3&3SfcC3ƒ–&3f–cc636&36F63†#vB"Â6—¦RÒsC“CrÂWÆöB×F–ÖRÒ###bÓÓC“£#3£3bãce¢"ÒÀ¢²W&ÂÒ&‡GG3¢òöf–ÆW2ç—F†öæ†÷7FVBæ÷&r÷6¶vW2óvRóS"ó“6ScfƒS3V#36fSCc33†&S“&Sƒc3Sc6fSv&6SCCf#ccƒv#–FcVV÷vV'6ö6¶WG2Óbã×3×—“3÷s2ÖÖ6÷7…óóö&ÓcBçv†Â"Â†6‚Ò'6†#Sc£F&33C†F6†F#fV#Vs“ƒcSvcS&V#–SC3f#sCƒ3scC#C“ƒ6Cƒƒ†c2"Â6—¦RÒsS#cÂWÆöB×F–ÖRÒ###bÓÓC“£#3£3rãC•¢"ÒÀ¢²W&ÂÒ&‡GG3¢òöf–ÆW2ç—F†öæ†÷7FVBæ÷&r÷6¶vW2óSbó2ó&F&cS6&fC#Cƒƒ–C36FS&fc3cƒ“Sc–c3v&6f“–Vcƒ–fSFCSr÷vV'6ö6¶WG2Óbã×3×—“3÷s2ÖÖç–Æ–çWƒ÷ƒƒeócBæÖç–Æ–çW…ó%ó#…÷ƒƒeócBæÖç–Æ–çW…ó%óU÷ƒƒeócBçv†Â"Â†6‚Ò'6†#Sc¦cF3&C&CƒCCF&6&ffF6#6C&6SS3–33“–f&VC3sV##†Cƒcƒ–fCFF"Â6—¦RÒscsÂWÆöB×F–ÖRÒ###bÓÓC“£#3£3’ãS…¢"ÒÀ¢²W&ÂÒ&‡GG3¢òöf–ÆW2ç—F†öæ†÷7FVBæ÷&r÷6¶vW2öRó†böV–3s63“&&c–#f63cvcsFc†c#C#c3f#f3“fVcFfVVSSfcƒcsVFB÷vV'6ö6¶WG2Óbã×3×—“3÷s2ÖÖç–Æ–çWƒ#Eö&6ƒcBæÖç–Æ–çW…ó%óuö&6ƒcBæÖç–Æ–çW…ó%ó#…ö&6ƒcBçv†Â"Â†6‚Ò'6†#Sc£#“†CvVSSVS&S–fFV&S†“C##FC&S6&##†3ƒCƒ#ScSsfcƒc6–CCSv2"Â6—¦RÒsc“c‚ÂWÆöB×F–ÖRÒ###bÓÓC“£#3£Cã3¢"ÒÀ¢²W&ÂÒ&‡GG3¢òöf–ÆW2ç—F†öæ†÷7FVBæ÷&r÷6¶vW2ó–ó6böcsS6cCff3–3CƒvVVcvF&Ss&VSC“Sf&†Cs#SV33“–#3S“&÷vV'6ö6¶WG2Óbã×3×—“3÷s2×v–åöÖCcBçv†Â"Â†6‚Ò'6†#Sc¦cS6V“&S3#F#S&cc333&FFcS#3ffFcvS“#c#Ff&c†3sv3s†fSscr"Â6—¦RÒsƒs3RÂWÆöB×F–ÖRÒ###bÓÓC“£#3£C"ã#S•¢"ÒÀ¢²W&ÂÒ&‡GG3¢òöf–ÆW2ç—F†öæ†÷7FVBæ÷&r÷6¶vW2ófbó#‚ó#S†V&#SC–3&&c6ScFC&##v#“s3Ccs3“F–6V†3C&csC†6&3VCC&R÷vV'6ö6¶WG2Óbã×“2ÖæöæRÖç’çv†Â"Â†6‚Ò'6†#Sc£c3vF#c&fCF3ƒ33#sfFFVCSC#Vc&3vfCc“#3#F&C“FCCVCCf6VV2"Â6—¦RÒsS“‚ÂWÆöB×F–ÖRÒ###bÓÓC“£#3£CRã3“U¢"ÒÀ¥Ð